// !$*UTF8*$!
{
	archiveVersion = 1;
	classes = {
	};
	objectVersion = 50;
	objects = {

/* Begin PBXBuildFile section */
		380A5AE1243C5A360063A9F6 /* BedgeView.swift in Sources */ = {isa = PBXBuildFile; fileRef = 380A5AE0243C5A360063A9F6 /* BedgeView.swift */; };
		381C3A52243B505F00F83D4B /* ToDoCardListDataSource.swift in Sources */ = {isa = PBXBuildFile; fileRef = 381C3A51243B505F00F83D4B /* ToDoCardListDataSource.swift */; };
		3831B96B243B51D600550FA1 /* ToDoCardListDelegate.swift in Sources */ = {isa = PBXBuildFile; fileRef = 3831B96A243B51D600550FA1 /* ToDoCardListDelegate.swift */; };
		3831B96D243B55E000550FA1 /* InProgressCardListDataSource.swift in Sources */ = {isa = PBXBuildFile; fileRef = 3831B96C243B55E000550FA1 /* InProgressCardListDataSource.swift */; };
		3831B96F243B55FB00550FA1 /* InProgressCardListDelegate.swift in Sources */ = {isa = PBXBuildFile; fileRef = 3831B96E243B55FB00550FA1 /* InProgressCardListDelegate.swift */; };
		3831B971243B58DF00550FA1 /* CardCell.swift in Sources */ = {isa = PBXBuildFile; fileRef = 3831B970243B58DF00550FA1 /* CardCell.swift */; };
		387B8B31243C711600805A34 /* DoneCardListDataSource.swift in Sources */ = {isa = PBXBuildFile; fileRef = 387B8B30243C711600805A34 /* DoneCardListDataSource.swift */; };
		387B8B33243C713600805A34 /* DoneCardListDelegate.swift in Sources */ = {isa = PBXBuildFile; fileRef = 387B8B32243C713600805A34 /* DoneCardListDelegate.swift */; };
		388CA27C243AEE0900E99CED /* AppDelegate.swift in Sources */ = {isa = PBXBuildFile; fileRef = 388CA27B243AEE0900E99CED /* AppDelegate.swift */; };
		388CA27E243AEE0900E99CED /* SceneDelegate.swift in Sources */ = {isa = PBXBuildFile; fileRef = 388CA27D243AEE0900E99CED /* SceneDelegate.swift */; };
		388CA280243AEE0900E99CED /* ToDoListViewController.swift in Sources */ = {isa = PBXBuildFile; fileRef = 388CA27F243AEE0900E99CED /* ToDoListViewController.swift */; };
		388CA283243AEE0900E99CED /* Main.storyboard in Resources */ = {isa = PBXBuildFile; fileRef = 388CA281243AEE0900E99CED /* Main.storyboard */; };
		388CA285243AEE0C00E99CED /* Assets.xcassets in Resources */ = {isa = PBXBuildFile; fileRef = 388CA284243AEE0C00E99CED /* Assets.xcassets */; };
		388CA288243AEE0C00E99CED /* LaunchScreen.storyboard in Resources */ = {isa = PBXBuildFile; fileRef = 388CA286243AEE0C00E99CED /* LaunchScreen.storyboard */; };
		388CA293243B089C00E99CED /* CardListViewController.swift in Sources */ = {isa = PBXBuildFile; fileRef = 388CA292243B089C00E99CED /* CardListViewController.swift */; };
/* End PBXBuildFile section */

/* Begin PBXFileReference section */
		380A5AE0243C5A360063A9F6 /* BedgeView.swift */ = {isa = PBXFileReference; lastKnownFileType = sourcecode.swift; path = BedgeView.swift; sourceTree = "<group>"; };
		381C3A51243B505F00F83D4B /* ToDoCardListDataSource.swift */ = {isa = PBXFileReference; lastKnownFileType = sourcecode.swift; path = ToDoCardListDataSource.swift; sourceTree = "<group>"; };
		3831B96A243B51D600550FA1 /* ToDoCardListDelegate.swift */ = {isa = PBXFileReference; lastKnownFileType = sourcecode.swift; path = ToDoCardListDelegate.swift; sourceTree = "<group>"; };
		3831B96C243B55E000550FA1 /* InProgressCardListDataSource.swift */ = {isa = PBXFileReference; lastKnownFileType = sourcecode.swift; path = InProgressCardListDataSource.swift; sourceTree = "<group>"; };
		3831B96E243B55FB00550FA1 /* InProgressCardListDelegate.swift */ = {isa = PBXFileReference; lastKnownFileType = sourcecode.swift; path = InProgressCardListDelegate.swift; sourceTree = "<group>"; };
		3831B970243B58DF00550FA1 /* CardCell.swift */ = {isa = PBXFileReference; lastKnownFileType = sourcecode.swift; path = CardCell.swift; sourceTree = "<group>"; };
		387B8B30243C711600805A34 /* DoneCardListDataSource.swift */ = {isa = PBXFileReference; lastKnownFileType = sourcecode.swift; path = DoneCardListDataSource.swift; sourceTree = "<group>"; };
		387B8B32243C713600805A34 /* DoneCardListDelegate.swift */ = {isa = PBXFileReference; lastKnownFileType = sourcecode.swift; path = DoneCardListDelegate.swift; sourceTree = "<group>"; };
		388CA278243AEE0900E99CED /* ToDoListApp.app */ = {isa = PBXFileReference; explicitFileType = wrapper.application; includeInIndex = 0; path = ToDoListApp.app; sourceTree = BUILT_PRODUCTS_DIR; };
		388CA27B243AEE0900E99CED /* AppDelegate.swift */ = {isa = PBXFileReference; lastKnownFileType = sourcecode.swift; path = AppDelegate.swift; sourceTree = "<group>"; };
		388CA27D243AEE0900E99CED /* SceneDelegate.swift */ = {isa = PBXFileReference; lastKnownFileType = sourcecode.swift; path = SceneDelegate.swift; sourceTree = "<group>"; };
		388CA27F243AEE0900E99CED /* ToDoListViewController.swift */ = {isa = PBXFileReference; lastKnownFileType = sourcecode.swift; path = ToDoListViewController.swift; sourceTree = "<group>"; };
		388CA282243AEE0900E99CED /* Base */ = {isa = PBXFileReference; lastKnownFileType = file.storyboard; name = Base; path = Base.lproj/Main.storyboard; sourceTree = "<group>"; };
		388CA284243AEE0C00E99CED /* Assets.xcassets */ = {isa = PBXFileReference; lastKnownFileType = folder.assetcatalog; path = Assets.xcassets; sourceTree = "<group>"; };
		388CA287243AEE0C00E99CED /* Base */ = {isa = PBXFileReference; lastKnownFileType = file.storyboard; name = Base; path = Base.lproj/LaunchScreen.storyboard; sourceTree = "<group>"; };
		388CA289243AEE0C00E99CED /* Info.plist */ = {isa = PBXFileReference; lastKnownFileType = text.plist.xml; path = Info.plist; sourceTree = "<group>"; };
		388CA292243B089C00E99CED /* CardListViewController.swift */ = {isa = PBXFileReference; lastKnownFileType = sourcecode.swift; path = CardListViewController.swift; sourceTree = "<group>"; };
/* End PBXFileReference section */

/* Begin PBXFrameworksBuildPhase section */
		388CA275243AEE0900E99CED /* Frameworks */ = {
			isa = PBXFrameworksBuildPhase;
			buildActionMask = 2147483647;
			files = (
			);
			runOnlyForDeploymentPostprocessing = 0;
		};
/* End PBXFrameworksBuildPhase section */

/* Begin PBXGroup section */
		388CA26F243AEE0900E99CED = {
			isa = PBXGroup;
			children = (
				388CA27A243AEE0900E99CED /* ToDoListApp */,
				388CA279243AEE0900E99CED /* Products */,
			);
			sourceTree = "<group>";
		};
		388CA279243AEE0900E99CED /* Products */ = {
			isa = PBXGroup;
			children = (
				388CA278243AEE0900E99CED /* ToDoListApp.app */,
			);
			name = Products;
			sourceTree = "<group>";
		};
		388CA27A243AEE0900E99CED /* ToDoListApp */ = {
			isa = PBXGroup;
			children = (
				388CA28F243AFE4400E99CED /* ViewControllers */,
				388CA290243AFE5900E99CED /* Models */,
				388CA291243AFE6100E99CED /* Views */,
				388CA27B243AEE0900E99CED /* AppDelegate.swift */,
				388CA27D243AEE0900E99CED /* SceneDelegate.swift */,
				388CA281243AEE0900E99CED /* Main.storyboard */,
				388CA284243AEE0C00E99CED /* Assets.xcassets */,
				388CA286243AEE0C00E99CED /* LaunchScreen.storyboard */,
				388CA289243AEE0C00E99CED /* Info.plist */,
			);
			path = ToDoListApp;
			sourceTree = "<group>";
		};
		388CA28F243AFE4400E99CED /* ViewControllers */ = {
			isa = PBXGroup;
			children = (
				388CA27F243AEE0900E99CED /* ToDoListViewController.swift */,
				388CA292243B089C00E99CED /* CardListViewController.swift */,
			);
			path = ViewControllers;
			sourceTree = "<group>";
		};
		388CA290243AFE5900E99CED /* Models */ = {
			isa = PBXGroup;
			children = (
				381C3A51243B505F00F83D4B /* ToDoCardListDataSource.swift */,
				3831B96C243B55E000550FA1 /* InProgressCardListDataSource.swift */,
				387B8B30243C711600805A34 /* DoneCardListDataSource.swift */,
			);
			path = Models;
			sourceTree = "<group>";
		};
		388CA291243AFE6100E99CED /* Views */ = {
			isa = PBXGroup;
			children = (
				3831B96A243B51D600550FA1 /* ToDoCardListDelegate.swift */,
				3831B96E243B55FB00550FA1 /* InProgressCardListDelegate.swift */,
				387B8B32243C713600805A34 /* DoneCardListDelegate.swift */,
				3831B970243B58DF00550FA1 /* CardCell.swift */,
				380A5AE0243C5A360063A9F6 /* BedgeView.swift */,
			);
			path = Views;
			sourceTree = "<group>";
		};
/* End PBXGroup section */

/* Begin PBXNativeTarget section */
		388CA277243AEE0900E99CED /* ToDoListApp */ = {
			isa = PBXNativeTarget;
			buildConfigurationList = 388CA28C243AEE0C00E99CED /* Build configuration list for PBXNativeTarget "ToDoListApp" */;
			buildPhases = (
				388CA274243AEE0900E99CED /* Sources */,
				388CA275243AEE0900E99CED /* Frameworks */,
				388CA276243AEE0900E99CED /* Resources */,
			);
			buildRules = (
			);
			dependencies = (
			);
			name = ToDoListApp;
			productName = ToDoListApp;
			productReference = 388CA278243AEE0900E99CED /* ToDoListApp.app */;
			productType = "com.apple.product-type.application";
		};
/* End PBXNativeTarget section */

/* Begin PBXProject section */
		388CA270243AEE0900E99CED /* Project object */ = {
			isa = PBXProject;
			attributes = {
				LastSwiftUpdateCheck = 1130;
				LastUpgradeCheck = 1130;
				ORGANIZATIONNAME = corykim0829;
				TargetAttributes = {
					388CA277243AEE0900E99CED = {
						CreatedOnToolsVersion = 11.3.1;
					};
				};
			};
			buildConfigurationList = 388CA273243AEE0900E99CED /* Build configuration list for PBXProject "ToDoListApp" */;
			compatibilityVersion = "Xcode 9.3";
			developmentRegion = en;
			hasScannedForEncodings = 0;
			knownRegions = (
				en,
				Base,
			);
			mainGroup = 388CA26F243AEE0900E99CED;
			productRefGroup = 388CA279243AEE0900E99CED /* Products */;
			projectDirPath = "";
			projectRoot = "";
			targets = (
				388CA277243AEE0900E99CED /* ToDoListApp */,
			);
		};
/* End PBXProject section */

/* Begin PBXResourcesBuildPhase section */
		388CA276243AEE0900E99CED /* Resources */ = {
			isa = PBXResourcesBuildPhase;
			buildActionMask = 2147483647;
			files = (
				388CA288243AEE0C00E99CED /* LaunchScreen.storyboard in Resources */,
				388CA285243AEE0C00E99CED /* Assets.xcassets in Resources */,
				388CA283243AEE0900E99CED /* Main.storyboard in Resources */,
			);
			runOnlyForDeploymentPostprocessing = 0;
		};
/* End PBXResourcesBuildPhase section */

/* Begin PBXSourcesBuildPhase section */
		388CA274243AEE0900E99CED /* Sources */ = {
			isa = PBXSourcesBuildPhase;
			buildActionMask = 2147483647;
			files = (
				3831B96B243B51D600550FA1 /* ToDoCardListDelegate.swift in Sources */,
				388CA293243B089C00E99CED /* CardListViewController.swift in Sources */,
				3831B96F243B55FB00550FA1 /* InProgressCardListDelegate.swift in Sources */,
				3831B96D243B55E000550FA1 /* InProgressCardListDataSource.swift in Sources */,
				387B8B33243C713600805A34 /* DoneCardListDelegate.swift in Sources */,
				388CA280243AEE0900E99CED /* ToDoListViewController.swift in Sources */,
				381C3A52243B505F00F83D4B /* ToDoCardListDataSource.swift in Sources */,
				387B8B31243C711600805A34 /* DoneCardListDataSource.swift in Sources */,
				388CA27C243AEE0900E99CED /* AppDelegate.swift in Sources */,
				388CA27E243AEE0900E99CED /* SceneDelegate.swift in Sources */,
				3831B971243B58DF00550FA1 /* CardCell.swift in Sources */,
				380A5AE1243C5A360063A9F6 /* BedgeView.swift in Sources */,
			);
			runOnlyForDeploymentPostprocessing = 0;
		};
/* End PBXSourcesBuildPhase section */

/* Begin PBXVariantGroup section */
		388CA281243AEE0900E99CED /* Main.storyboard */ = {
			isa = PBXVariantGroup;
			children = (
				388CA282243AEE0900E99CED /* Base */,
			);
			name = Main.storyboard;
			sourceTree = "<group>";
		};
		388CA286243AEE0C00E99CED /* LaunchScreen.storyboard */ = {
			isa = PBXVariantGroup;
			children = (
				388CA287243AEE0C00E99CED /* Base */,
			);
			name = LaunchScreen.storyboard;
			sourceTree = "<group>";
		};
/* End PBXVariantGroup section */

/* Begin XCBuildConfiguration section */
		388CA28A243AEE0C00E99CED /* Debug */ = {
			isa = XCBuildConfiguration;
			buildSettings = {
				ALWAYS_SEARCH_USER_PATHS = NO;
				CLANG_ANALYZER_NONNULL = YES;
				CLANG_ANALYZER_NUMBER_OBJECT_CONVERSION = YES_AGGRESSIVE;
				CLANG_CXX_LANGUAGE_STANDARD = "gnu++14";
				CLANG_CXX_LIBRARY = "libc++";
				CLANG_ENABLE_MODULES = YES;
				CLANG_ENABLE_OBJC_ARC = YES;
				CLANG_ENABLE_OBJC_WEAK = YES;
				CLANG_WARN_BLOCK_CAPTURE_AUTORELEASING = YES;
				CLANG_WARN_BOOL_CONVERSION = YES;
				CLANG_WARN_COMMA = YES;
				CLANG_WARN_CONSTANT_CONVERSION = YES;
				CLANG_WARN_DEPRECATED_OBJC_IMPLEMENTATIONS = YES;
				CLANG_WARN_DIRECT_OBJC_ISA_USAGE = YES_ERROR;
				CLANG_WARN_DOCUMENTATION_COMMENTS = YES;
				CLANG_WARN_EMPTY_BODY = YES;
				CLANG_WARN_ENUM_CONVERSION = YES;
				CLANG_WARN_INFINITE_RECURSION = YES;
				CLANG_WARN_INT_CONVERSION = YES;
				CLANG_WARN_NON_LITERAL_NULL_CONVERSION = YES;
				CLANG_WARN_OBJC_IMPLICIT_RETAIN_SELF = YES;
				CLANG_WARN_OBJC_LITERAL_CONVERSION = YES;
				CLANG_WARN_OBJC_ROOT_CLASS = YES_ERROR;
				CLANG_WARN_RANGE_LOOP_ANALYSIS = YES;
				CLANG_WARN_STRICT_PROTOTYPES = YES;
				CLANG_WARN_SUSPICIOUS_MOVE = YES;
				CLANG_WARN_UNGUARDED_AVAILABILITY = YES_AGGRESSIVE;
				CLANG_WARN_UNREACHABLE_CODE = YES;
				CLANG_WARN__DUPLICATE_METHOD_MATCH = YES;
				COPY_PHASE_STRIP = NO;
				DEBUG_INFORMATION_FORMAT = dwarf;
				ENABLE_STRICT_OBJC_MSGSEND = YES;
				ENABLE_TESTABILITY = YES;
				GCC_C_LANGUAGE_STANDARD = gnu11;
				GCC_DYNAMIC_NO_PIC = NO;
				GCC_NO_COMMON_BLOCKS = YES;
				GCC_OPTIMIZATION_LEVEL = 0;
				GCC_PREPROCESSOR_DEFINITIONS = (
					"DEBUG=1",
					"$(inherited)",
				);
				GCC_WARN_64_TO_32_BIT_CONVERSION = YES;
				GCC_WARN_ABOUT_RETURN_TYPE = YES_ERROR;
				GCC_WARN_UNDECLARED_SELECTOR = YES;
				GCC_WARN_UNINITIALIZED_AUTOS = YES_AGGRESSIVE;
				GCC_WARN_UNUSED_FUNCTION = YES;
				GCC_WARN_UNUSED_VARIABLE = YES;
				IPHONEOS_DEPLOYMENT_TARGET = 13.2;
				MTL_ENABLE_DEBUG_INFO = INCLUDE_SOURCE;
				MTL_FAST_MATH = YES;
				ONLY_ACTIVE_ARCH = YES;
				SDKROOT = iphoneos;
				SWIFT_ACTIVE_COMPILATION_CONDITIONS = DEBUG;
				SWIFT_OPTIMIZATION_LEVEL = "-Onone";
			};
			name = Debug;
		};
		388CA28B243AEE0C00E99CED /* Release */ = {
			isa = XCBuildConfiguration;
			buildSettings = {
				ALWAYS_SEARCH_USER_PATHS = NO;
				CLANG_ANALYZER_NONNULL = YES;
				CLANG_ANALYZER_NUMBER_OBJECT_CONVERSION = YES_AGGRESSIVE;
				CLANG_CXX_LANGUAGE_STANDARD = "gnu++14";
				CLANG_CXX_LIBRARY = "libc++";
				CLANG_ENABLE_MODULES = YES;
				CLANG_ENABLE_OBJC_ARC = YES;
				CLANG_ENABLE_OBJC_WEAK = YES;
				CLANG_WARN_BLOCK_CAPTURE_AUTORELEASING = YES;
				CLANG_WARN_BOOL_CONVERSION = YES;
				CLANG_WARN_COMMA = YES;
				CLANG_WARN_CONSTANT_CONVERSION = YES;
				CLANG_WARN_DEPRECATED_OBJC_IMPLEMENTATIONS = YES;
				CLANG_WARN_DIRECT_OBJC_ISA_USAGE = YES_ERROR;
				CLANG_WARN_DOCUMENTATION_COMMENTS = YES;
				CLANG_WARN_EMPTY_BODY = YES;
				CLANG_WARN_ENUM_CONVERSION = YES;
				CLANG_WARN_INFINITE_RECURSION = YES;
				CLANG_WARN_INT_CONVERSION = YES;
				CLANG_WARN_NON_LITERAL_NULL_CONVERSION = YES;
				CLANG_WARN_OBJC_IMPLICIT_RETAIN_SELF = YES;
				CLANG_WARN_OBJC_LITERAL_CONVERSION = YES;
				CLANG_WARN_OBJC_ROOT_CLASS = YES_ERROR;
				CLANG_WARN_RANGE_LOOP_ANALYSIS = YES;
				CLANG_WARN_STRICT_PROTOTYPES = YES;
				CLANG_WARN_SUSPICIOUS_MOVE = YES;
				CLANG_WARN_UNGUARDED_AVAILABILITY = YES_AGGRESSIVE;
				CLANG_WARN_UNREACHABLE_CODE = YES;
				CLANG_WARN__DUPLICATE_METHOD_MATCH = YES;
				COPY_PHASE_STRIP = NO;
				DEBUG_INFORMATION_FORMAT = "dwarf-with-dsym";
				ENABLE_NS_ASSERTIONS = NO;
				ENABLE_STRICT_OBJC_MSGSEND = YES;
				GCC_C_LANGUAGE_STANDARD = gnu11;
				GCC_NO_COMMON_BLOCKS = YES;
				GCC_WARN_64_TO_32_BIT_CONVERSION = YES;
				GCC_WARN_ABOUT_RETURN_TYPE = YES_ERROR;
				GCC_WARN_UNDECLARED_SELECTOR = YES;
				GCC_WARN_UNINITIALIZED_AUTOS = YES_AGGRESSIVE;
				GCC_WARN_UNUSED_FUNCTION = YES;
				GCC_WARN_UNUSED_VARIABLE = YES;
				IPHONEOS_DEPLOYMENT_TARGET = 13.2;
				MTL_ENABLE_DEBUG_INFO = NO;
				MTL_FAST_MATH = YES;
				SDKROOT = iphoneos;
				SWIFT_COMPILATION_MODE = wholemodule;
				SWIFT_OPTIMIZATION_LEVEL = "-O";
				VALIDATE_PRODUCT = YES;
			};
			name = Release;
		};
		388CA28D243AEE0C00E99CED /* Debug */ = {
			isa = XCBuildConfiguration;
			buildSettings = {
				ASSETCATALOG_COMPILER_APPICON_NAME = AppIcon;
				CODE_SIGN_STYLE = Automatic;
				DEVELOPMENT_TEAM = N2GAL8582Q;
				INFOPLIST_FILE = ToDoListApp/Info.plist;
				LD_RUNPATH_SEARCH_PATHS = (
					"$(inherited)",
					"@executable_path/Frameworks",
				);
				PRODUCT_BUNDLE_IDENTIFIER = kr.corykim0829.ToDoListApp;
				PRODUCT_NAME = "$(TARGET_NAME)";
				SWIFT_VERSION = 5.0;
				TARGETED_DEVICE_FAMILY = 2;
			};
			name = Debug;
		};
		388CA28E243AEE0C00E99CED /* Release */ = {
			isa = XCBuildConfiguration;
			buildSettings = {
				ASSETCATALOG_COMPILER_APPICON_NAME = AppIcon;
				CODE_SIGN_STYLE = Automatic;
				DEVELOPMENT_TEAM = N2GAL8582Q;
				INFOPLIST_FILE = ToDoListApp/Info.plist;
				LD_RUNPATH_SEARCH_PATHS = (
					"$(inherited)",
					"@executable_path/Frameworks",
				);
				PRODUCT_BUNDLE_IDENTIFIER = kr.corykim0829.ToDoListApp;
				PRODUCT_NAME = "$(TARGET_NAME)";
				SWIFT_VERSION = 5.0;
				TARGETED_DEVICE_FAMILY = 2;
			};
			name = Release;
		};
/* End XCBuildConfiguration section */

/* Begin XCConfigurationList section */
		388CA273243AEE0900E99CED /* Build configuration list for PBXProject "ToDoListApp" */ = {
			isa = XCConfigurationList;
			buildConfigurations = (
				388CA28A243AEE0C00E99CED /* Debug */,
				388CA28B243AEE0C00E99CED /* Release */,
			);
			defaultConfigurationIsVisible = 0;
			defaultConfigurationName = Release;
		};
		388CA28C243AEE0C00E99CED /* Build configuration list for PBXNativeTarget "ToDoListApp" */ = {
			isa = XCConfigurationList;
			buildConfigurations = (
				388CA28D243AEE0C00E99CED /* Debug */,
				388CA28E243AEE0C00E99CED /* Release */,
			);
			defaultConfigurationIsVisible = 0;
			defaultConfigurationName = Release;
		};
/* End XCConfigurationList section */
	};
	rootObject = 388CA270243AEE0900E99CED /* Project object */;
}
